{
  "name": "noticejs",
  "version": "1.0.0",
  "lockfileVersion": 1,
  "requires": true,
  "dependencies": {
    "bootstrap": {
      "version": "4.1.3",
      "resolved": "https://registry.npmjs.org/bootstrap/-/bootstrap-4.1.3.tgz",
      "integrity": "sha512-rDFIzgXcof0jDyjNosjv4Sno77X4KuPeFxG2XZZv1/Kc8DRVGVADdoQyyOVDwPqL36DDmtCQbrpMCqvpPLJQ0w=="
    },
    "notice.js": {
      "version": "0.4.0",
      "resolved": "https://registry.npmjs.org/notice.js/-/notice.js-0.4.0.tgz",
      "integrity": "sha512-g90xqUgsAYVKfLmzMskRzeuroMwPRuPg/N/5j4FDBICnlWqXyy9OHkUlTO6/lGKWzvJ+RT68NVB6rmNkTPy4HQ=="
    }
  }
}
